// !$*UTF8*$!
{
	archiveVersion = 1;
	classes = {
	};
	objectVersion = 48;
	objects = {

/* Begin PBXBuildFile section */
		06167B1E1FE319F800395897 /* GoalType.swift in Sources */ = {isa = PBXBuildFile; fileRef = 06167B1D1FE319F800395897 /* GoalType.swift */; };
		06167B201FE325C900395897 /* CreateGoalVC.swift in Sources */ = {isa = PBXBuildFile; fileRef = 06167B1F1FE325C800395897 /* CreateGoalVC.swift */; };
		068C5D2B1FE4743E001ED236 /* UIViewControllerExt.swift in Sources */ = {isa = PBXBuildFile; fileRef = 068C5D2A1FE4743E001ED236 /* UIViewControllerExt.swift */; };
		068C5D2D1FE480A2001ED236 /* UIViewExt.swift in Sources */ = {isa = PBXBuildFile; fileRef = 068C5D2C1FE480A2001ED236 /* UIViewExt.swift */; };
		068C5D2F1FE48365001ED236 /* UIButtonTxt.swift in Sources */ = {isa = PBXBuildFile; fileRef = 068C5D2E1FE48365001ED236 /* UIButtonTxt.swift */; };
		06C5E4121FD9E1FD00F5180D /* AppDelegate.swift in Sources */ = {isa = PBXBuildFile; fileRef = 06C5E4111FD9E1FD00F5180D /* AppDelegate.swift */; };
		06C5E4141FD9E1FD00F5180D /* GoalVC.swift in Sources */ = {isa = PBXBuildFile; fileRef = 06C5E4131FD9E1FD00F5180D /* GoalVC.swift */; };
		06C5E4171FD9E1FD00F5180D /* Main.storyboard in Resources */ = {isa = PBXBuildFile; fileRef = 06C5E4151FD9E1FD00F5180D /* Main.storyboard */; };
		06C5E41A1FD9E1FD00F5180D /* GoalBook.xcdatamodeld in Sources */ = {isa = PBXBuildFile; fileRef = 06C5E4181FD9E1FD00F5180D /* GoalBook.xcdatamodeld */; };
		06C5E41C1FD9E1FD00F5180D /* Assets.xcassets in Resources */ = {isa = PBXBuildFile; fileRef = 06C5E41B1FD9E1FD00F5180D /* Assets.xcassets */; };
		06C5E41F1FD9E1FD00F5180D /* LaunchScreen.storyboard in Resources */ = {isa = PBXBuildFile; fileRef = 06C5E41D1FD9E1FD00F5180D /* LaunchScreen.storyboard */; };
		06C5E42B1FD9F87900F5180D /* GoalCell.swift in Sources */ = {isa = PBXBuildFile; fileRef = 06C5E42A1FD9F87900F5180D /* GoalCell.swift */; };
/* End PBXBuildFile section */

/* Begin PBXFileReference section */
		06167B1D1FE319F800395897 /* GoalType.swift */ = {isa = PBXFileReference; lastKnownFileType = sourcecode.swift; path = GoalType.swift; sourceTree = "<group>"; };
		06167B1F1FE325C800395897 /* CreateGoalVC.swift */ = {isa = PBXFileReference; lastKnownFileType = sourcecode.swift; path = CreateGoalVC.swift; sourceTree = "<group>"; };
		068C5D2A1FE4743E001ED236 /* UIViewControllerExt.swift */ = {isa = PBXFileReference; lastKnownFileType = sourcecode.swift; path = UIViewControllerExt.swift; sourceTree = "<group>"; };
		068C5D2C1FE480A2001ED236 /* UIViewExt.swift */ = {isa = PBXFileReference; lastKnownFileType = sourcecode.swift; path = UIViewExt.swift; sourceTree = "<group>"; };
		068C5D2E1FE48365001ED236 /* UIButtonTxt.swift */ = {isa = PBXFileReference; lastKnownFileType = sourcecode.swift; path = UIButtonTxt.swift; sourceTree = "<group>"; };
		06C5E40E1FD9E1FD00F5180D /* GoalBook.app */ = {isa = PBXFileReference; explicitFileType = wrapper.application; includeInIndex = 0; path = GoalBook.app; sourceTree = BUILT_PRODUCTS_DIR; };
		06C5E4111FD9E1FD00F5180D /* AppDelegate.swift */ = {isa = PBXFileReference; lastKnownFileType = sourcecode.swift; path = AppDelegate.swift; sourceTree = "<group>"; };
		06C5E4131FD9E1FD00F5180D /* GoalVC.swift */ = {isa = PBXFileReference; lastKnownFileType = sourcecode.swift; path = GoalVC.swift; sourceTree = "<group>"; };
		06C5E4161FD9E1FD00F5180D /* Base */ = {isa = PBXFileReference; lastKnownFileType = file.storyboard; name = Base; path = Base.lproj/Main.storyboard; sourceTree = "<group>"; };
		06C5E4191FD9E1FD00F5180D /* GoalBook.xcdatamodel */ = {isa = PBXFileReference; lastKnownFileType = wrapper.xcdatamodel; path = GoalBook.xcdatamodel; sourceTree = "<group>"; };
		06C5E41B1FD9E1FD00F5180D /* Assets.xcassets */ = {isa = PBXFileReference; lastKnownFileType = folder.assetcatalog; path = Assets.xcassets; sourceTree = "<group>"; };
		06C5E41E1FD9E1FD00F5180D /* Base */ = {isa = PBXFileReference; lastKnownFileType = file.storyboard; name = Base; path = Base.lproj/LaunchScreen.storyboard; sourceTree = "<group>"; };
		06C5E4201FD9E1FD00F5180D /* Info.plist */ = {isa = PBXFileReference; lastKnownFileType = text.plist.xml; path = Info.plist; sourceTree = "<group>"; };
		06C5E42A1FD9F87900F5180D /* GoalCell.swift */ = {isa = PBXFileReference; lastKnownFileType = sourcecode.swift; path = GoalCell.swift; sourceTree = "<group>"; };
/* End PBXFileReference section */

/* Begin PBXFrameworksBuildPhase section */
		06C5E40B1FD9E1FD00F5180D /* Frameworks */ = {
			isa = PBXFrameworksBuildPhase;
			buildActionMask = 2147483647;
			files = (
			);
			runOnlyForDeploymentPostprocessing = 0;
		};
/* End PBXFrameworksBuildPhase section */

/* Begin PBXGroup section */
		06C5E4051FD9E1FD00F5180D = {
			isa = PBXGroup;
			children = (
				06C5E4101FD9E1FD00F5180D /* GoalBook */,
				06C5E40F1FD9E1FD00F5180D /* Products */,
			);
			sourceTree = "<group>";
		};
		06C5E40F1FD9E1FD00F5180D /* Products */ = {
			isa = PBXGroup;
			children = (
				06C5E40E1FD9E1FD00F5180D /* GoalBook.app */,
			);
			name = Products;
			sourceTree = "<group>";
		};
		06C5E4101FD9E1FD00F5180D /* GoalBook */ = {
			isa = PBXGroup;
			children = (
				06C5E4291FD9E26200F5180D /* Enums */,
				06C5E4281FD9E25B00F5180D /* Extensions */,
				06C5E4271FD9E25400F5180D /* View */,
				06C5E4261FD9E24200F5180D /* Controller */,
				06C5E4111FD9E1FD00F5180D /* AppDelegate.swift */,
				06C5E4151FD9E1FD00F5180D /* Main.storyboard */,
				06C5E41B1FD9E1FD00F5180D /* Assets.xcassets */,
				06C5E41D1FD9E1FD00F5180D /* LaunchScreen.storyboard */,
				06C5E4201FD9E1FD00F5180D /* Info.plist */,
				06C5E4181FD9E1FD00F5180D /* GoalBook.xcdatamodeld */,
			);
			path = GoalBook;
			sourceTree = "<group>";
		};
		06C5E4261FD9E24200F5180D /* Controller */ = {
			isa = PBXGroup;
			children = (
				06C5E4131FD9E1FD00F5180D /* GoalVC.swift */,
				06167B1F1FE325C800395897 /* CreateGoalVC.swift */,
			);
			path = Controller;
			sourceTree = "<group>";
		};
		06C5E4271FD9E25400F5180D /* View */ = {
			isa = PBXGroup;
			children = (
				06C5E42A1FD9F87900F5180D /* GoalCell.swift */,
			);
			path = View;
			sourceTree = "<group>";
		};
		06C5E4281FD9E25B00F5180D /* Extensions */ = {
			isa = PBXGroup;
			children = (
				068C5D2A1FE4743E001ED236 /* UIViewControllerExt.swift */,
				068C5D2C1FE480A2001ED236 /* UIViewExt.swift */,
				068C5D2E1FE48365001ED236 /* UIButtonTxt.swift */,
			);
			path = Extensions;
			sourceTree = "<group>";
		};
		06C5E4291FD9E26200F5180D /* Enums */ = {
			isa = PBXGroup;
			children = (
				06167B1D1FE319F800395897 /* GoalType.swift */,
			);
			path = Enums;
			sourceTree = "<group>";
		};
/* End PBXGroup section */

/* Begin PBXNativeTarget section */
		06C5E40D1FD9E1FD00F5180D /* GoalBook */ = {
			isa = PBXNativeTarget;
			buildConfigurationList = 06C5E4231FD9E1FD00F5180D /* Build configuration list for PBXNativeTarget "GoalBook" */;
			buildPhases = (
				06C5E40A1FD9E1FD00F5180D /* Sources */,
				06C5E40B1FD9E1FD00F5180D /* Frameworks */,
				06C5E40C1FD9E1FD00F5180D /* Resources */,
			);
			buildRules = (
			);
			dependencies = (
			);
			name = GoalBook;
			productName = GoalBook;
			productReference = 06C5E40E1FD9E1FD00F5180D /* GoalBook.app */;
			productType = "com.apple.product-type.application";
		};
/* End PBXNativeTarget section */

/* Begin PBXProject section */
		06C5E4061FD9E1FD00F5180D /* Project object */ = {
			isa = PBXProject;
			attributes = {
				LastSwiftUpdateCheck = 0920;
				LastUpgradeCheck = 0920;
				ORGANIZATIONNAME = GrayStudio;
				TargetAttributes = {
					06C5E40D1FD9E1FD00F5180D = {
						CreatedOnToolsVersion = 9.2;
						ProvisioningStyle = Automatic;
					};
				};
			};
			buildConfigurationList = 06C5E4091FD9E1FD00F5180D /* Build configuration list for PBXProject "GoalBook" */;
			compatibilityVersion = "Xcode 8.0";
			developmentRegion = en;
			hasScannedForEncodings = 0;
			knownRegions = (
				en,
				Base,
			);
			mainGroup = 06C5E4051FD9E1FD00F5180D;
			productRefGroup = 06C5E40F1FD9E1FD00F5180D /* Products */;
			projectDirPath = "";
			projectRoot = "";
			targets = (
				06C5E40D1FD9E1FD00F5180D /* GoalBook */,
			);
		};
/* End PBXProject section */

/* Begin PBXResourcesBuildPhase section */
		06C5E40C1FD9E1FD00F5180D /* Resources */ = {
			isa = PBXResourcesBuildPhase;
			buildActionMask = 2147483647;
			files = (
				06C5E41F1FD9E1FD00F5180D /* LaunchScreen.storyboard in Resources */,
				06C5E41C1FD9E1FD00F5180D /* Assets.xcassets in Resources */,
				06C5E4171FD9E1FD00F5180D /* Main.storyboard in Resources */,
			);
			runOnlyForDeploymentPostprocessing = 0;
		};
/* End PBXResourcesBuildPhase section */

/* Begin PBXSourcesBuildPhase section */
		06C5E40A1FD9E1FD00F5180D /* Sources */ = {
			isa = PBXSourcesBuildPhase;
			buildActionMask = 2147483647;
			files = (
				06C5E42B1FD9F87900F5180D /* GoalCell.swift in Sources */,
				06167B201FE325C900395897 /* CreateGoalVC.swift in Sources */,
				06167B1E1FE319F800395897 /* GoalType.swift in Sources */,
				06C5E4141FD9E1FD00F5180D /* GoalVC.swift in Sources */,
				068C5D2F1FE48365001ED236 /* UIButtonTxt.swift in Sources */,
				068C5D2D1FE480A2001ED236 /* UIViewExt.swift in Sources */,
				06C5E4121FD9E1FD00F5180D /* AppDelegate.swift in Sources */,
				068C5D2B1FE4743E001ED236 /* UIViewControllerExt.swift in Sources */,
				06C5E41A1FD9E1FD00F5180D /* GoalBook.xcdatamodeld in Sources */,
			);
			runOnlyForDeploymentPostprocessing = 0;
		};
/* End PBXSourcesBuildPhase section */

/* Begin PBXVariantGroup section */
		06C5E4151FD9E1FD00F5180D /* Main.storyboard */ = {
			isa = PBXVariantGroup;
			children = (
				06C5E4161FD9E1FD00F5180D /* Base */,
			);
			name = Main.storyboard;
			sourceTree = "<group>";
		};
		06C5E41D1FD9E1FD00F5180D /* LaunchScreen.storyboard */ = {
			isa = PBXVariantGroup;
			children = (
				06C5E41E1FD9E1FD00F5180D /* Base */,
			);
			name = LaunchScreen.storyboard;
			sourceTree = "<group>";
		};
/* End PBXVariantGroup section */

/* Begin XCBuildConfiguration section */
		06C5E4211FD9E1FD00F5180D /* Debug */ = {
			isa = XCBuildConfiguration;
			buildSettings = {
				ALWAYS_SEARCH_USER_PATHS = NO;
				CLANG_ANALYZER_NONNULL = YES;
				CLANG_ANALYZER_NUMBER_OBJECT_CONVERSION = YES_AGGRESSIVE;
				CLANG_CXX_LANGUAGE_STANDARD = "gnu++14";
				CLANG_CXX_LIBRARY = "libc++";
				CLANG_ENABLE_MODULES = YES;
				CLANG_ENABLE_OBJC_ARC = YES;
				CLANG_WARN_BLOCK_CAPTURE_AUTORELEASING = YES;
				CLANG_WARN_BOOL_CONVERSION = YES;
				CLANG_WARN_COMMA = YES;
				CLANG_WARN_CONSTANT_CONVERSION = YES;
				CLANG_WARN_DIRECT_OBJC_ISA_USAGE = YES_ERROR;
				CLANG_WARN_DOCUMENTATION_COMMENTS = YES;
				CLANG_WARN_EMPTY_BODY = YES;
				CLANG_WARN_ENUM_CONVERSION = YES;
				CLANG_WARN_INFINITE_RECURSION = YES;
				CLANG_WARN_INT_CONVERSION = YES;
				CLANG_WARN_NON_LITERAL_NULL_CONVERSION = YES;
				CLANG_WARN_OBJC_LITERAL_CONVERSION = YES;
				CLANG_WARN_OBJC_ROOT_CLASS = YES_ERROR;
				CLANG_WARN_RANGE_LOOP_ANALYSIS = YES;
				CLANG_WARN_STRICT_PROTOTYPES = YES;
				CLANG_WARN_SUSPICIOUS_MOVE = YES;
				CLANG_WARN_UNGUARDED_AVAILABILITY = YES_AGGRESSIVE;
				CLANG_WARN_UNREACHABLE_CODE = YES;
				CLANG_WARN__DUPLICATE_METHOD_MATCH = YES;
				CODE_SIGN_IDENTITY = "iPhone Developer";
				COPY_PHASE_STRIP = NO;
				DEBUG_INFORMATION_FORMAT = dwarf;
				ENABLE_STRICT_OBJC_MSGSEND = YES;
				ENABLE_TESTABILITY = YES;
				GCC_C_LANGUAGE_STANDARD = gnu11;
				GCC_DYNAMIC_NO_PIC = NO;
				GCC_NO_COMMON_BLOCKS = YES;
				GCC_OPTIMIZATION_LEVEL = 0;
				GCC_PREPROCESSOR_DEFINITIONS = (
					"DEBUG=1",
					"$(inherited)",
				);
				GCC_WARN_64_TO_32_BIT_CONVERSION = YES;
				GCC_WARN_ABOUT_RETURN_TYPE = YES_ERROR;
				GCC_WARN_UNDECLARED_SELECTOR = YES;
				GCC_WARN_UNINITIALIZED_AUTOS = YES_AGGRESSIVE;
				GCC_WARN_UNUSED_FUNCTION = YES;
				GCC_WARN_UNUSED_VARIABLE = YES;
				IPHONEOS_DEPLOYMENT_TARGET = 11.2;
				MTL_ENABLE_DEBUG_INFO = YES;
				ONLY_ACTIVE_ARCH = YES;
				SDKROOT = iphoneos;
				SWIFT_ACTIVE_COMPILATION_CONDITIONS = DEBUG;
				SWIFT_OPTIMIZATION_LEVEL = "-Onone";
			};
			name = Debug;
		};
		06C5E4221FD9E1FD00F5180D /* Release */ = {
			isa = XCBuildConfiguration;
			buildSettings = {
				ALWAYS_SEARCH_USER_PATHS = NO;
				CLANG_ANALYZER_NONNULL = YES;
				CLANG_ANALYZER_NUMBER_OBJECT_CONVERSION = YES_AGGRESSIVE;
				CLANG_CXX_LANGUAGE_STANDARD = "gnu++14";
				CLANG_CXX_LIBRARY = "libc++";
				CLANG_ENABLE_MODULES = YES;
				CLANG_ENABLE_OBJC_ARC = YES;
				CLANG_WARN_BLOCK_CAPTURE_AUTORELEASING = YES;
				CLANG_WARN_BOOL_CONVERSION = YES;
				CLANG_WARN_COMMA = YES;
				CLANG_WARN_CONSTANT_CONVERSION = YES;
				CLANG_WARN_DIRECT_OBJC_ISA_USAGE = YES_ERROR;
				CLANG_WARN_DOCUMENTATION_COMMENTS = YES;
				CLANG_WARN_EMPTY_BODY = YES;
				CLANG_WARN_ENUM_CONVERSION = YES;
				CLANG_WARN_INFINITE_RECURSION = YES;
				CLANG_WARN_INT_CONVERSION = YES;
				CLANG_WARN_NON_LITERAL_NULL_CONVERSION = YES;
				CLANG_WARN_OBJC_LITERAL_CONVERSION = YES;
				CLANG_WARN_OBJC_ROOT_CLASS = YES_ERROR;
				CLANG_WARN_RANGE_LOOP_ANALYSIS = YES;
				CLANG_WARN_STRICT_PROTOTYPES = YES;
				CLANG_WARN_SUSPICIOUS_MOVE = YES;
				CLANG_WARN_UNGUARDED_AVAILABILITY = YES_AGGRESSIVE;
				CLANG_WARN_UNREACHABLE_CODE = YES;
				CLANG_WARN__DUPLICATE_METHOD_MATCH = YES;
				CODE_SIGN_IDENTITY = "iPhone Developer";
				COPY_PHASE_STRIP = NO;
				DEBUG_INFORMATION_FORMAT = "dwarf-with-dsym";
				ENABLE_NS_ASSERTIONS = NO;
				ENABLE_STRICT_OBJC_MSGSEND = YES;
				GCC_C_LANGUAGE_STANDARD = gnu11;
				GCC_NO_COMMON_BLOCKS = YES;
				GCC_WARN_64_TO_32_BIT_CONVERSION = YES;
				GCC_WARN_ABOUT_RETURN_TYPE = YES_ERROR;
				GCC_WARN_UNDECLARED_SELECTOR = YES;
				GCC_WARN_UNINITIALIZED_AUTOS = YES_AGGRESSIVE;
				GCC_WARN_UNUSED_FUNCTION = YES;
				GCC_WARN_UNUSED_VARIABLE = YES;
				IPHONEOS_DEPLOYMENT_TARGET = 11.2;
				MTL_ENABLE_DEBUG_INFO = NO;
				SDKROOT = iphoneos;
				SWIFT_OPTIMIZATION_LEVEL = "-Owholemodule";
				VALIDATE_PRODUCT = YES;
			};
			name = Release;
		};
		06C5E4241FD9E1FD00F5180D /* Debug */ = {
			isa = XCBuildConfiguration;
			buildSettings = {
				ASSETCATALOG_COMPILER_APPICON_NAME = AppIcon;
				CODE_SIGN_STYLE = Automatic;
				DEVELOPMENT_TEAM = YFW23TS6BS;
				INFOPLIST_FILE = GoalBook/Info.plist;
				LD_RUNPATH_SEARCH_PATHS = "$(inherited) @executable_path/Frameworks";
				PRODUCT_BUNDLE_IDENTIFIER = com.graystudio.GoalBook;
				PRODUCT_NAME = "$(TARGET_NAME)";
				SWIFT_VERSION = 4.0;
				TARGETED_DEVICE_FAMILY = "1,2";
			};
			name = Debug;
		};
		06C5E4251FD9E1FD00F5180D /* Release */ = {
			isa = XCBuildConfiguration;
			buildSettings = {
				ASSETCATALOG_COMPILER_APPICON_NAME = AppIcon;
				CODE_SIGN_STYLE = Automatic;
				DEVELOPMENT_TEAM = YFW23TS6BS;
				INFOPLIST_FILE = GoalBook/Info.plist;
				LD_RUNPATH_SEARCH_PATHS = "$(inherited) @executable_path/Frameworks";
				PRODUCT_BUNDLE_IDENTIFIER = com.graystudio.GoalBook;
				PRODUCT_NAME = "$(TARGET_NAME)";
				SWIFT_VERSION = 4.0;
				TARGETED_DEVICE_FAMILY = "1,2";
			};
			name = Release;
		};
/* End XCBuildConfiguration section */

/* Begin XCConfigurationList section */
		06C5E4091FD9E1FD00F5180D /* Build configuration list for PBXProject "GoalBook" */ = {
			isa = XCConfigurationList;
			buildConfigurations = (
				06C5E4211FD9E1FD00F5180D /* Debug */,
				06C5E4221FD9E1FD00F5180D /* Release */,
			);
			defaultConfigurationIsVisible = 0;
			defaultConfigurationName = Release;
		};
		06C5E4231FD9E1FD00F5180D /* Build configuration list for PBXNativeTarget "GoalBook" */ = {
			isa = XCConfigurationList;
			buildConfigurations = (
				06C5E4241FD9E1FD00F5180D /* Debug */,
				06C5E4251FD9E1FD00F5180D /* Release */,
			);
			defaultConfigurationIsVisible = 0;
			defaultConfigurationName = Release;
		};
/* End XCConfigurationList section */

/* Begin XCVersionGroup section */
		06C5E4181FD9E1FD00F5180D /* GoalBook.xcdatamodeld */ = {
			isa = XCVersionGroup;
			children = (
				06C5E4191FD9E1FD00F5180D /* GoalBook.xcdatamodel */,
			);
			currentVersion = 06C5E4191FD9E1FD00F5180D /* GoalBook.xcdatamodel */;
			path = GoalBook.xcdatamodeld;
			sourceTree = "<group>";
			versionGroupType = wrapper.xcdatamodel;
		};
/* End XCVersionGroup section */
	};
	rootObject = 06C5E4061FD9E1FD00F5180D /* Project object */;
}
